
Microsoft Visual Studio Solution File, Format Version 12.00
# Visual Studio Version 16
VisualStudioVersion = 16.0.31729.503
MinimumVisualStudioVersion = 10.0.40219.1
Project("{FAE04EC0-301F-11D3-BF4B-00C04F79EFBC}") = "caluclator2", "caluclator2\caluclator2.csproj", "{050A3B19-5538-4440-B9A8-EB3068D27108}"
EndProject
Global
	GlobalSection(SolutionConfigurationPlatforms) = preSolution
		Debug|Any CPU = Debug|Any CPU
		Release|Any CPU = Release|Any CPU
	EndGlobalSection
	GlobalSection(ProjectConfigurationPlatforms) = postSolution
		{050A3B19-5538-4440-B9A8-EB3068D27108}.Debug|Any CPU.ActiveCfg = Debug|Any CPU
		{050A3B19-5538-4440-B9A8-EB3068D27108}.Debug|Any CPU.Build.0 = Debug|Any CPU
		{050A3B19-5538-4440-B9A8-EB3068D27108}.Release|Any CPU.ActiveCfg = Release|Any CPU
		{050A3B19-5538-4440-B9A8-EB3068D27108}.Release|Any CPU.Build.0 = Release|Any CPU
	EndGlobalSection
	GlobalSection(SolutionProperties) = preSolution
		HideSolutionNode = FALSE
	EndGlobalSection
	GlobalSection(ExtensibilityGlobals) = postSolution
		SolutionGuid = {DF402882-7D59-47E2-89DF-1B1B749D5626}
	EndGlobalSection
EndGlobal
