
Microsoft Visual Studio Solution File, Format Version 12.00
# Visual Studio Version 16
VisualStudioVersion = 16.0.31729.503
MinimumVisualStudioVersion = 10.0.40219.1
Project("{FAE04EC0-301F-11D3-BF4B-00C04F79EFBC}") = "employee", "employee\employee.csproj", "{60CC7CA2-1D2B-4B32-8024-22A375583997}"
EndProject
Project("{2150E333-8FDC-42A3-9474-1A3956D46DE8}") = "Solution Items", "Solution Items", "{A3B4D2CA-BD26-4441-9C61-A709F0530D39}"
	ProjectSection(SolutionItems) = preProject
		.editorconfig = .editorconfig
	EndProjectSection
EndProject
Global
	GlobalSection(SolutionConfigurationPlatforms) = preSolution
		Debug|Any CPU = Debug|Any CPU
		Release|Any CPU = Release|Any CPU
	EndGlobalSection
	GlobalSection(ProjectConfigurationPlatforms) = postSolution
		{60CC7CA2-1D2B-4B32-8024-22A375583997}.Debug|Any CPU.ActiveCfg = Debug|Any CPU
		{60CC7CA2-1D2B-4B32-8024-22A375583997}.Debug|Any CPU.Build.0 = Debug|Any CPU
		{60CC7CA2-1D2B-4B32-8024-22A375583997}.Release|Any CPU.ActiveCfg = Release|Any CPU
		{60CC7CA2-1D2B-4B32-8024-22A375583997}.Release|Any CPU.Build.0 = Release|Any CPU
	EndGlobalSection
	GlobalSection(SolutionProperties) = preSolution
		HideSolutionNode = FALSE
	EndGlobalSection
	GlobalSection(ExtensibilityGlobals) = postSolution
		SolutionGuid = {0C5D1FB3-5FFF-4B9A-A9EB-FA9837673BBF}
	EndGlobalSection
EndGlobal
