
Microsoft Visual Studio Solution File, Format Version 12.00
# Visual Studio Version 16
VisualStudioVersion = 16.0.31729.503
MinimumVisualStudioVersion = 10.0.40219.1
Project("{FAE04EC0-301F-11D3-BF4B-00C04F79EFBC}") = "EmpWageHrs", "EmpWageHrs\EmpWageHrs.csproj", "{A2A7D065-9856-4ADB-9239-75132847944F}"
EndProject
Global
	GlobalSection(SolutionConfigurationPlatforms) = preSolution
		Debug|Any CPU = Debug|Any CPU
		Release|Any CPU = Release|Any CPU
	EndGlobalSection
	GlobalSection(ProjectConfigurationPlatforms) = postSolution
		{A2A7D065-9856-4ADB-9239-75132847944F}.Debug|Any CPU.ActiveCfg = Debug|Any CPU
		{A2A7D065-9856-4ADB-9239-75132847944F}.Debug|Any CPU.Build.0 = Debug|Any CPU
		{A2A7D065-9856-4ADB-9239-75132847944F}.Release|Any CPU.ActiveCfg = Release|Any CPU
		{A2A7D065-9856-4ADB-9239-75132847944F}.Release|Any CPU.Build.0 = Release|Any CPU
	EndGlobalSection
	GlobalSection(SolutionProperties) = preSolution
		HideSolutionNode = FALSE
	EndGlobalSection
	GlobalSection(ExtensibilityGlobals) = postSolution
		SolutionGuid = {208BB9BF-B5B5-413D-8CF8-DE3975E55FA0}
	EndGlobalSection
EndGlobal
